
Microsoft Visual Studio Solution File, Format Version 12.00
# Visual Studio Version 17
VisualStudioVersion = 17.0.31903.59
MinimumVisualStudioVersion = 10.0.40219.1
Project("{FAE04EC0-301F-11D3-BF4B-00C04F79EFBC}") = "CustomerService", "CustomerService\CustomerService.csproj", "{C1B5BFC2-75FE-4CCD-8C32-21BF2FAD592F}"
EndProject
Project("{FAE04EC0-301F-11D3-BF4B-00C04F79EFBC}") = "AccountService", "AccountService\AccountService.csproj", "{6758AC09-CB0F-4DAF-BC25-3F7A321090EC}"
EndProject
Project("{FAE04EC0-301F-11D3-BF4B-00C04F79EFBC}") = "TransactionService", "TransactionService\TransactionService.csproj", "{78BC1899-3D5A-4EF8-B757-7CE42FB882FB}"
EndProject
Project("{FAE04EC0-301F-11D3-BF4B-00C04F79EFBC}") = "PaymentService", "PaymentService\PaymentService.csproj", "{19F42204-4E7B-4BAB-8370-AFA861E4146C}"
EndProject
Project("{FAE04EC0-301F-11D3-BF4B-00C04F79EFBC}") = "AuthenticationService", "AuthenticationService\AuthenticationService.csproj", "{3F9C3C38-F41E-4BB2-A7D5-C1F9CE4705D1}"
EndProject
Project("{2150E333-8FDC-42A3-9474-1A3956D46DE8}") = "CustomerService", "CustomerService", "{103633A6-1178-41BC-8E05-EF79417B4078}"
EndProject
Project("{FAE04EC0-301F-11D3-BF4B-00C04F79EFBC}") = "CustomerService.Tests", "CustomerService\CustomerService.Tests\CustomerService.Tests.csproj", "{956A656C-1B3C-499B-912A-68767757C708}"
EndProject
Project("{2150E333-8FDC-42A3-9474-1A3956D46DE8}") = "AccountService", "AccountService", "{18C02D2E-C1F9-4092-A4BC-56101E27F705}"
EndProject
Project("{FAE04EC0-301F-11D3-BF4B-00C04F79EFBC}") = "AccountService.Tests", "AccountService\AccountService.Tests\AccountService.Tests.csproj", "{6D4E0E48-978F-4590-8587-B834E321D049}"
EndProject
Project("{2150E333-8FDC-42A3-9474-1A3956D46DE8}") = "TransactionService", "TransactionService", "{B4D327D6-7DB6-4A51-99DD-DFCCC9FAC91E}"
EndProject
Project("{FAE04EC0-301F-11D3-BF4B-00C04F79EFBC}") = "TransactionService.Tests", "TransactionService\TransactionService.Tests\TransactionService.Tests.csproj", "{AF971E34-587A-449E-9030-08AF47A4C96E}"
EndProject
Project("{2150E333-8FDC-42A3-9474-1A3956D46DE8}") = "PaymentService", "PaymentService", "{0E8901D2-E447-4BA1-86F1-4B167A1DED7C}"
EndProject
Project("{FAE04EC0-301F-11D3-BF4B-00C04F79EFBC}") = "PaymentService.Tests", "PaymentService\PaymentService.Tests\PaymentService.Tests.csproj", "{FAFDE476-6916-42D8-8689-4BA8EBB24930}"
EndProject
Project("{2150E333-8FDC-42A3-9474-1A3956D46DE8}") = "AuthenticationService", "AuthenticationService", "{0B267641-647F-42C0-B3C0-F5CDC581479E}"
EndProject
Project("{FAE04EC0-301F-11D3-BF4B-00C04F79EFBC}") = "AuthenticationService.Tests", "AuthenticationService\AuthenticationService.Tests\AuthenticationService.Tests.csproj", "{DFE9E18A-B850-4908-92AB-C0D230600D77}"
EndProject
Global
	GlobalSection(SolutionConfigurationPlatforms) = preSolution
		Debug|Any CPU = Debug|Any CPU
		Release|Any CPU = Release|Any CPU
	EndGlobalSection
	GlobalSection(SolutionProperties) = preSolution
		HideSolutionNode = FALSE
	EndGlobalSection
	GlobalSection(ProjectConfigurationPlatforms) = postSolution
		{C1B5BFC2-75FE-4CCD-8C32-21BF2FAD592F}.Debug|Any CPU.ActiveCfg = Debug|Any CPU
		{C1B5BFC2-75FE-4CCD-8C32-21BF2FAD592F}.Debug|Any CPU.Build.0 = Debug|Any CPU
		{C1B5BFC2-75FE-4CCD-8C32-21BF2FAD592F}.Release|Any CPU.ActiveCfg = Release|Any CPU
		{C1B5BFC2-75FE-4CCD-8C32-21BF2FAD592F}.Release|Any CPU.Build.0 = Release|Any CPU
		{6758AC09-CB0F-4DAF-BC25-3F7A321090EC}.Debug|Any CPU.ActiveCfg = Debug|Any CPU
		{6758AC09-CB0F-4DAF-BC25-3F7A321090EC}.Debug|Any CPU.Build.0 = Debug|Any CPU
		{6758AC09-CB0F-4DAF-BC25-3F7A321090EC}.Release|Any CPU.ActiveCfg = Release|Any CPU
		{6758AC09-CB0F-4DAF-BC25-3F7A321090EC}.Release|Any CPU.Build.0 = Release|Any CPU
		{78BC1899-3D5A-4EF8-B757-7CE42FB882FB}.Debug|Any CPU.ActiveCfg = Debug|Any CPU
		{78BC1899-3D5A-4EF8-B757-7CE42FB882FB}.Debug|Any CPU.Build.0 = Debug|Any CPU
		{78BC1899-3D5A-4EF8-B757-7CE42FB882FB}.Release|Any CPU.ActiveCfg = Release|Any CPU
		{78BC1899-3D5A-4EF8-B757-7CE42FB882FB}.Release|Any CPU.Build.0 = Release|Any CPU
		{19F42204-4E7B-4BAB-8370-AFA861E4146C}.Debug|Any CPU.ActiveCfg = Debug|Any CPU
		{19F42204-4E7B-4BAB-8370-AFA861E4146C}.Debug|Any CPU.Build.0 = Debug|Any CPU
		{19F42204-4E7B-4BAB-8370-AFA861E4146C}.Release|Any CPU.ActiveCfg = Release|Any CPU
		{19F42204-4E7B-4BAB-8370-AFA861E4146C}.Release|Any CPU.Build.0 = Release|Any CPU
		{3F9C3C38-F41E-4BB2-A7D5-C1F9CE4705D1}.Debug|Any CPU.ActiveCfg = Debug|Any CPU
		{3F9C3C38-F41E-4BB2-A7D5-C1F9CE4705D1}.Debug|Any CPU.Build.0 = Debug|Any CPU
		{3F9C3C38-F41E-4BB2-A7D5-C1F9CE4705D1}.Release|Any CPU.ActiveCfg = Release|Any CPU
		{3F9C3C38-F41E-4BB2-A7D5-C1F9CE4705D1}.Release|Any CPU.Build.0 = Release|Any CPU
		{956A656C-1B3C-499B-912A-68767757C708}.Debug|Any CPU.ActiveCfg = Debug|Any CPU
		{956A656C-1B3C-499B-912A-68767757C708}.Debug|Any CPU.Build.0 = Debug|Any CPU
		{956A656C-1B3C-499B-912A-68767757C708}.Release|Any CPU.ActiveCfg = Release|Any CPU
		{956A656C-1B3C-499B-912A-68767757C708}.Release|Any CPU.Build.0 = Release|Any CPU
		{6D4E0E48-978F-4590-8587-B834E321D049}.Debug|Any CPU.ActiveCfg = Debug|Any CPU
		{6D4E0E48-978F-4590-8587-B834E321D049}.Debug|Any CPU.Build.0 = Debug|Any CPU
		{6D4E0E48-978F-4590-8587-B834E321D049}.Release|Any CPU.ActiveCfg = Release|Any CPU
		{6D4E0E48-978F-4590-8587-B834E321D049}.Release|Any CPU.Build.0 = Release|Any CPU
		{AF971E34-587A-449E-9030-08AF47A4C96E}.Debug|Any CPU.ActiveCfg = Debug|Any CPU
		{AF971E34-587A-449E-9030-08AF47A4C96E}.Debug|Any CPU.Build.0 = Debug|Any CPU
		{AF971E34-587A-449E-9030-08AF47A4C96E}.Release|Any CPU.ActiveCfg = Release|Any CPU
		{AF971E34-587A-449E-9030-08AF47A4C96E}.Release|Any CPU.Build.0 = Release|Any CPU
		{FAFDE476-6916-42D8-8689-4BA8EBB24930}.Debug|Any CPU.ActiveCfg = Debug|Any CPU
		{FAFDE476-6916-42D8-8689-4BA8EBB24930}.Debug|Any CPU.Build.0 = Debug|Any CPU
		{FAFDE476-6916-42D8-8689-4BA8EBB24930}.Release|Any CPU.ActiveCfg = Release|Any CPU
		{FAFDE476-6916-42D8-8689-4BA8EBB24930}.Release|Any CPU.Build.0 = Release|Any CPU
		{DFE9E18A-B850-4908-92AB-C0D230600D77}.Debug|Any CPU.ActiveCfg = Debug|Any CPU
		{DFE9E18A-B850-4908-92AB-C0D230600D77}.Debug|Any CPU.Build.0 = Debug|Any CPU
		{DFE9E18A-B850-4908-92AB-C0D230600D77}.Release|Any CPU.ActiveCfg = Release|Any CPU
		{DFE9E18A-B850-4908-92AB-C0D230600D77}.Release|Any CPU.Build.0 = Release|Any CPU
	EndGlobalSection
	GlobalSection(NestedProjects) = preSolution
		{C1B5BFC2-75FE-4CCD-8C32-21BF2FAD592F} = {103633A6-1178-41BC-8E05-EF79417B4078}
		{956A656C-1B3C-499B-912A-68767757C708} = {103633A6-1178-41BC-8E05-EF79417B4078}
		{6758AC09-CB0F-4DAF-BC25-3F7A321090EC} = {18C02D2E-C1F9-4092-A4BC-56101E27F705}
		{6D4E0E48-978F-4590-8587-B834E321D049} = {18C02D2E-C1F9-4092-A4BC-56101E27F705}
		{78BC1899-3D5A-4EF8-B757-7CE42FB882FB} = {B4D327D6-7DB6-4A51-99DD-DFCCC9FAC91E}
		{AF971E34-587A-449E-9030-08AF47A4C96E} = {B4D327D6-7DB6-4A51-99DD-DFCCC9FAC91E}
		{19F42204-4E7B-4BAB-8370-AFA861E4146C} = {0E8901D2-E447-4BA1-86F1-4B167A1DED7C}
		{FAFDE476-6916-42D8-8689-4BA8EBB24930} = {0E8901D2-E447-4BA1-86F1-4B167A1DED7C}
		{3F9C3C38-F41E-4BB2-A7D5-C1F9CE4705D1} = {0B267641-647F-42C0-B3C0-F5CDC581479E}
		{DFE9E18A-B850-4908-92AB-C0D230600D77} = {0B267641-647F-42C0-B3C0-F5CDC581479E}
	EndGlobalSection
EndGlobal
