
Microsoft Visual Studio Solution File, Format Version 12.00
# Visual Studio Version 17
VisualStudioVersion = 17.0.31903.59
MinimumVisualStudioVersion = 10.0.40219.1
Project("{FAE04EC0-301F-11D3-BF4B-00C04F79EFBC}") = "CustomerService", "CustomerService\CustomerService.csproj", "{C1B5BFC2-75FE-4CCD-8C32-21BF2FAD592F}"
EndProject
Project("{FAE04EC0-301F-11D3-BF4B-00C04F79EFBC}") = "AccountService", "AccountService\AccountService.csproj", "{6758AC09-CB0F-4DAF-BC25-3F7A321090EC}"
EndProject
Project("{FAE04EC0-301F-11D3-BF4B-00C04F79EFBC}") = "TransactionService", "TransactionService\TransactionService.csproj", "{78BC1899-3D5A-4EF8-B757-7CE42FB882FB}"
EndProject
Global
	GlobalSection(SolutionConfigurationPlatforms) = preSolution
		Debug|Any CPU = Debug|Any CPU
		Release|Any CPU = Release|Any CPU
	EndGlobalSection
	GlobalSection(SolutionProperties) = preSolution
		HideSolutionNode = FALSE
	EndGlobalSection
	GlobalSection(ProjectConfigurationPlatforms) = postSolution
		{C1B5BFC2-75FE-4CCD-8C32-21BF2FAD592F}.Debug|Any CPU.ActiveCfg = Debug|Any CPU
		{C1B5BFC2-75FE-4CCD-8C32-21BF2FAD592F}.Debug|Any CPU.Build.0 = Debug|Any CPU
		{C1B5BFC2-75FE-4CCD-8C32-21BF2FAD592F}.Release|Any CPU.ActiveCfg = Release|Any CPU
		{C1B5BFC2-75FE-4CCD-8C32-21BF2FAD592F}.Release|Any CPU.Build.0 = Release|Any CPU
		{6758AC09-CB0F-4DAF-BC25-3F7A321090EC}.Debug|Any CPU.ActiveCfg = Debug|Any CPU
		{6758AC09-CB0F-4DAF-BC25-3F7A321090EC}.Debug|Any CPU.Build.0 = Debug|Any CPU
		{6758AC09-CB0F-4DAF-BC25-3F7A321090EC}.Release|Any CPU.ActiveCfg = Release|Any CPU
		{6758AC09-CB0F-4DAF-BC25-3F7A321090EC}.Release|Any CPU.Build.0 = Release|Any CPU
		{78BC1899-3D5A-4EF8-B757-7CE42FB882FB}.Debug|Any CPU.ActiveCfg = Debug|Any CPU
		{78BC1899-3D5A-4EF8-B757-7CE42FB882FB}.Debug|Any CPU.Build.0 = Debug|Any CPU
		{78BC1899-3D5A-4EF8-B757-7CE42FB882FB}.Release|Any CPU.ActiveCfg = Release|Any CPU
		{78BC1899-3D5A-4EF8-B757-7CE42FB882FB}.Release|Any CPU.Build.0 = Release|Any CPU
	EndGlobalSection
EndGlobal
